
Microsoft Visual Studio Solution File, Format Version 12.00
# Visual Studio Version 17
VisualStudioVersion = 17.7.34018.315
MinimumVisualStudioVersion = 10.0.40219.1
Project("{FAE04EC0-301F-11D3-BF4B-00C04F79EFBC}") = "PalindromesLab_Jwerlein2", "PalindromesLab_Jwerlein2\PalindromesLab_Jwerlein2.csproj", "{C6512000-0105-4D02-B1E7-AE3CE09953D8}"
EndProject
Global
	GlobalSection(SolutionConfigurationPlatforms) = preSolution
		Debug|Any CPU = Debug|Any CPU
		Release|Any CPU = Release|Any CPU
	EndGlobalSection
	GlobalSection(ProjectConfigurationPlatforms) = postSolution
		{C6512000-0105-4D02-B1E7-AE3CE09953D8}.Debug|Any CPU.ActiveCfg = Debug|Any CPU
		{C6512000-0105-4D02-B1E7-AE3CE09953D8}.Debug|Any CPU.Build.0 = Debug|Any CPU
		{C6512000-0105-4D02-B1E7-AE3CE09953D8}.Release|Any CPU.ActiveCfg = Release|Any CPU
		{C6512000-0105-4D02-B1E7-AE3CE09953D8}.Release|Any CPU.Build.0 = Release|Any CPU
	EndGlobalSection
	GlobalSection(SolutionProperties) = preSolution
		HideSolutionNode = FALSE
	EndGlobalSection
	GlobalSection(ExtensibilityGlobals) = postSolution
		SolutionGuid = {0D7A2135-4BE6-4F08-9526-698D0E02A3C3}
	EndGlobalSection
EndGlobal
